
Microsoft Visual Studio Solution File, Format Version 12.00
# Visual Studio Version 16
VisualStudioVersion = 16.0.30413.136
MinimumVisualStudioVersion = 10.0.40219.1
Project("{FAE04EC0-301F-11D3-BF4B-00C04F79EFBC}") = "Atiendeme.Web", "Atiendeme.Web\Atiendeme.Web.csproj", "{91EF26C3-120C-49AC-A822-42CB2CECEF15}"
EndProject
Global
	GlobalSection(SolutionConfigurationPlatforms) = preSolution
		Debug|Any CPU = Debug|Any CPU
		Release|Any CPU = Release|Any CPU
	EndGlobalSection
	GlobalSection(ProjectConfigurationPlatforms) = postSolution
		{91EF26C3-120C-49AC-A822-42CB2CECEF15}.Debug|Any CPU.ActiveCfg = Debug|Any CPU
		{91EF26C3-120C-49AC-A822-42CB2CECEF15}.Debug|Any CPU.Build.0 = Debug|Any CPU
		{91EF26C3-120C-49AC-A822-42CB2CECEF15}.Release|Any CPU.ActiveCfg = Release|Any CPU
		{91EF26C3-120C-49AC-A822-42CB2CECEF15}.Release|Any CPU.Build.0 = Release|Any CPU
	EndGlobalSection
	GlobalSection(SolutionProperties) = preSolution
		HideSolutionNode = FALSE
	EndGlobalSection
	GlobalSection(ExtensibilityGlobals) = postSolution
		SolutionGuid = {B745B5CC-2D12-470B-B63F-9CB3EB6FB377}
	EndGlobalSection
EndGlobal
